{
    "hash": "230336641932cefca31aeeb67eb68c59",
    "packages": [
        {
            "name": "fishtrap/guzzle-oauth2-plugin",
            "version": "dev-master",
            "source": {
                "type": "git",
                "url": "https://github.com/natmchugh/guzzle-oauth2-plugin.git",
                "reference": "35d76b6c782714a45549fe5b14d78ecd3ba6d66f"
            },
            "dist": {
                "type": "zip",
                "url": "https://api.github.com/repos/natmchugh/guzzle-oauth2-plugin/zipball/35d76b6c782714a45549fe5b14d78ecd3ba6d66f",
                "reference": "35d76b6c782714a45549fe5b14d78ecd3ba6d66f",
                "shasum": ""
            },
            "require": {
                "guzzle/guzzle": ">=v3.0"
            },
            "type": "library",
            "autoload": {
                "psr-0": {
                    "Fishtrap\\Guzzle": "src"
                }
            },
            "authors": [
                {
                    "name": "Nathaniel McHugh",
                    "email": "nat@fishtrap.co.uk"
                }
            ],
            "description": "An Oauth2 plugin for guzzle",
            "support": {
                "source": "https://github.com/natmchugh/guzzle-oauth2-plugin/tree/master",
                "issues": "https://github.com/natmchugh/guzzle-oauth2-plugin/issues"
            },
            "time": "2013-04-23 12:25:58"
        },
        {
            "name": "guzzle/guzzle",
            "version": "v3.4.1",
            "source": {
                "type": "git",
                "url": "https://github.com/guzzle/guzzle.git",
                "reference": "v3.4.1"
            },
            "dist": {
                "type": "zip",
                "url": "https://api.github.com/repos/guzzle/guzzle/zipball/v3.4.1",
                "reference": "v3.4.1",
                "shasum": ""
            },
            "require": {
                "ext-curl": "*",
                "php": ">=5.3.2",
                "symfony/event-dispatcher": ">=2.1"
            },
            "replace": {
                "guzzle/batch": "self.version",
                "guzzle/cache": "self.version",
                "guzzle/common": "self.version",
                "guzzle/http": "self.version",
                "guzzle/inflection": "self.version",
                "guzzle/iterator": "self.version",
                "guzzle/log": "self.version",
                "guzzle/parser": "self.version",
                "guzzle/plugin": "self.version",
                "guzzle/plugin-async": "self.version",
                "guzzle/plugin-backoff": "self.version",
                "guzzle/plugin-cache": "self.version",
                "guzzle/plugin-cookie": "self.version",
                "guzzle/plugin-curlauth": "self.version",
                "guzzle/plugin-error-response": "self.version",
                "guzzle/plugin-history": "self.version",
                "guzzle/plugin-log": "self.version",
                "guzzle/plugin-md5": "self.version",
                "guzzle/plugin-mock": "self.version",
                "guzzle/plugin-oauth": "self.version",
                "guzzle/service": "self.version",
                "guzzle/stream": "self.version"
            },
            "require-dev": {
                "doctrine/cache": "*",
                "monolog/monolog": "1.*",
                "phpunit/phpunit": "3.7.*",
                "psr/log": "1.0.*",
                "symfony/class-loader": "*",
                "zend/zend-cache1": "1.12",
                "zend/zend-log1": "1.12",
                "zendframework/zend-cache": "2.0.*",
                "zendframework/zend-log": "2.0.*"
            },
            "type": "library",
            "extra": {
                "branch-alias": {
                    "dev-master": "3.3-dev"
                }
            },
            "autoload": {
                "psr-0": {
                    "Guzzle\\Tests": "tests/",
                    "Guzzle": "src/"
                }
            },
            "notification-url": "https://packagist.org/downloads/",
            "license": [
                "MIT"
            ],
            "authors": [
                {
                    "name": "Michael Dowling",
                    "email": "mtdowling@gmail.com",
                    "homepage": "https://github.com/mtdowling"
                },
                {
                    "name": "Guzzle Community",
                    "homepage": "https://github.com/guzzle/guzzle/contributors"
                }
            ],
            "description": "Guzzle is a PHP HTTP client library and framework for building RESTful web service clients",
            "homepage": "http://guzzlephp.org/",
            "keywords": [
                "client",
                "curl",
                "framework",
                "http",
                "http client",
                "rest",
                "web service"
            ],
            "time": "2013-04-16 20:56:26"
        },
        {
            "name": "shrikeh/teapot",
            "version": "dev-master",
            "source": {
                "type": "git",
                "url": "https://github.com/shrikeh/teapot.git",
                "reference": "e35ff2c5fa02184efb882e4d8efc5492998bf35f"
            },
            "dist": {
                "type": "zip",
                "url": "https://api.github.com/repos/shrikeh/teapot/zipball/e35ff2c5fa02184efb882e4d8efc5492998bf35f",
                "reference": "e35ff2c5fa02184efb882e4d8efc5492998bf35f",
                "shasum": ""
            },
            "require": {
                "php": ">=5.3.3"
            },
            "require-dev": {
                "pdepend/pdepend": "*",
                "phpdocumentor/phpdocumentor": "2.*",
                "phploc/phploc": ">=1.7.4",
                "phpmd/phpmd": ">=1.4.0",
                "phpunit/phpunit": "3.7.*",
                "shrink/phpcpd": "dev-master",
                "squizlabs/php_codesniffer": "1.*",
                "zerkalica/php-code-browser": "dev-master"
            },
            "type": "library",
            "autoload": {
                "psr-0": {
                    "Teapot": "lib"
                }
            },
            "license": [
                "MIT"
            ],
            "authors": [
                {
                    "name": "Barney Hanlon",
                    "email": "barney@shrikeh.net"
                }
            ],
            "description": "PHP HTTP Response Status library",
            "homepage": "http://shrikeh.github.com/teapot",
            "keywords": [
                "http"
            ],
            "support": {
                "source": "https://github.com/shrikeh/teapot/tree/master",
                "issues": "https://github.com/shrikeh/teapot/issues"
            },
            "time": "2013-04-05 12:04:24"
        },
        {
            "name": "symfony/event-dispatcher",
            "version": "v2.2.1",
            "target-dir": "Symfony/Component/EventDispatcher",
            "source": {
                "type": "git",
                "url": "https://github.com/symfony/EventDispatcher.git",
                "reference": "v2.2.1"
            },
            "dist": {
                "type": "zip",
                "url": "https://api.github.com/repos/symfony/EventDispatcher/zipball/v2.2.1",
                "reference": "v2.2.1",
                "shasum": ""
            },
            "require": {
                "php": ">=5.3.3"
            },
            "require-dev": {
                "symfony/dependency-injection": ">=2.0,<3.0"
            },
            "suggest": {
                "symfony/dependency-injection": "2.2.*",
                "symfony/http-kernel": "2.2.*"
            },
            "type": "library",
            "extra": {
                "branch-alias": {
                    "dev-master": "2.2-dev"
                }
            },
            "autoload": {
                "psr-0": {
                    "Symfony\\Component\\EventDispatcher\\": ""
                }
            },
            "notification-url": "https://packagist.org/downloads/",
            "license": [
                "MIT"
            ],
            "authors": [
                {
                    "name": "Fabien Potencier",
                    "email": "fabien@symfony.com"
                },
                {
                    "name": "Symfony Community",
                    "homepage": "http://symfony.com/contributors"
                }
            ],
            "description": "Symfony EventDispatcher Component",
            "homepage": "http://symfony.com",
            "time": "2013-02-11 11:26:43"
        }
    ],
    "packages-dev": [

    ],
    "aliases": [

    ],
    "minimum-stability": "stable",
    "stability-flags": {
        "shrikeh/teapot": 20,
        "fishtrap/guzzle-oauth2-plugin": 20
    },
    "platform": {
        "php": ">=5.3.2"
    },
    "platform-dev": [

    ]
}
